
Microsoft Visual Studio Solution File, Format Version 12.00
# Visual Studio Version 16
VisualStudioVersion = 16.0.30225.117
MinimumVisualStudioVersion = 16.0.30225.117
Project("{9A19103F-16F7-4668-BE54-9A1E7A4F7556}") = "MakeThousandsOfConcurrentRequests", "MakeThousandsOfConcurrentRequests.csproj", "{B3AFEFF4-F063-4DEB-AF5B-172416647198}"
EndProject
Global
	GlobalSection(SolutionConfigurationPlatforms) = preSolution
		Debug|Any CPU = Debug|Any CPU
		Release|Any CPU = Release|Any CPU
	EndGlobalSection
	GlobalSection(ProjectConfigurationPlatforms) = postSolution
		{B3AFEFF4-F063-4DEB-AF5B-172416647198}.Debug|Any CPU.ActiveCfg = Debug|Any CPU
		{B3AFEFF4-F063-4DEB-AF5B-172416647198}.Debug|Any CPU.Build.0 = Debug|Any CPU
		{B3AFEFF4-F063-4DEB-AF5B-172416647198}.Release|Any CPU.ActiveCfg = Release|Any CPU
		{B3AFEFF4-F063-4DEB-AF5B-172416647198}.Release|Any CPU.Build.0 = Release|Any CPU
	EndGlobalSection
	GlobalSection(SolutionProperties) = preSolution
		HideSolutionNode = FALSE
	EndGlobalSection
	GlobalSection(ExtensibilityGlobals) = postSolution
		SolutionGuid = {DA9A0DDE-0780-4078-8BE5-B88CDEF7385C}
	EndGlobalSection
EndGlobal
